
Microsoft Visual Studio Solution File, Format Version 12.00
# Visual Studio Version 17
VisualStudioVersion = 17.5.33424.131
MinimumVisualStudioVersion = 10.0.40219.1
Project("{FAE04EC0-301F-11D3-BF4B-00C04F79EFBC}") = "TerrariaAutoBackupper.Library", "src\TerrariaAutoBackupper.Library\TerrariaAutoBackupper.Library.csproj", "{3330518D-D8E8-4195-9946-506EDECE57E0}"
EndProject
Project("{FAE04EC0-301F-11D3-BF4B-00C04F79EFBC}") = "TerrariaAutoBackupper.CLI", "src\TerrariaAutoBackupper.CLI\TerrariaAutoBackupper.CLI.csproj", "{ABACACC1-CCCC-4F4D-BBCF-49E305BC7F32}"
EndProject
Global
	GlobalSection(SolutionConfigurationPlatforms) = preSolution
		Debug|Any CPU = Debug|Any CPU
		Release|Any CPU = Release|Any CPU
	EndGlobalSection
	GlobalSection(ProjectConfigurationPlatforms) = postSolution
		{3330518D-D8E8-4195-9946-506EDECE57E0}.Debug|Any CPU.ActiveCfg = Debug|Any CPU
		{3330518D-D8E8-4195-9946-506EDECE57E0}.Debug|Any CPU.Build.0 = Debug|Any CPU
		{3330518D-D8E8-4195-9946-506EDECE57E0}.Release|Any CPU.ActiveCfg = Release|Any CPU
		{3330518D-D8E8-4195-9946-506EDECE57E0}.Release|Any CPU.Build.0 = Release|Any CPU
		{ABACACC1-CCCC-4F4D-BBCF-49E305BC7F32}.Debug|Any CPU.ActiveCfg = Debug|Any CPU
		{ABACACC1-CCCC-4F4D-BBCF-49E305BC7F32}.Debug|Any CPU.Build.0 = Debug|Any CPU
		{ABACACC1-CCCC-4F4D-BBCF-49E305BC7F32}.Release|Any CPU.ActiveCfg = Release|Any CPU
		{ABACACC1-CCCC-4F4D-BBCF-49E305BC7F32}.Release|Any CPU.Build.0 = Release|Any CPU
	EndGlobalSection
	GlobalSection(SolutionProperties) = preSolution
		HideSolutionNode = FALSE
	EndGlobalSection
	GlobalSection(ExtensibilityGlobals) = postSolution
		SolutionGuid = {F28B829A-EFC8-48D9-88EB-36E0CD350A48}
	EndGlobalSection
EndGlobal
