
Microsoft Visual Studio Solution File, Format Version 12.00
# Visual Studio Version 17
VisualStudioVersion = 17.5.33424.131
MinimumVisualStudioVersion = 10.0.40219.1
Project("{FAE04EC0-301F-11D3-BF4B-00C04F79EFBC}") = "TerrariaAutoBackupper", "src\TerrariaAutoBackupper\TerrariaAutoBackupper.csproj", "{E47A589A-B21F-4196-A918-559FA4AFDFC5}"
EndProject
Global
	GlobalSection(SolutionConfigurationPlatforms) = preSolution
		Debug|Any CPU = Debug|Any CPU
		Release|Any CPU = Release|Any CPU
	EndGlobalSection
	GlobalSection(ProjectConfigurationPlatforms) = postSolution
		{E47A589A-B21F-4196-A918-559FA4AFDFC5}.Debug|Any CPU.ActiveCfg = Debug|Any CPU
		{E47A589A-B21F-4196-A918-559FA4AFDFC5}.Debug|Any CPU.Build.0 = Debug|Any CPU
		{E47A589A-B21F-4196-A918-559FA4AFDFC5}.Release|Any CPU.ActiveCfg = Release|Any CPU
		{E47A589A-B21F-4196-A918-559FA4AFDFC5}.Release|Any CPU.Build.0 = Release|Any CPU
	EndGlobalSection
	GlobalSection(SolutionProperties) = preSolution
		HideSolutionNode = FALSE
	EndGlobalSection
	GlobalSection(ExtensibilityGlobals) = postSolution
		SolutionGuid = {F28B829A-EFC8-48D9-88EB-36E0CD350A48}
	EndGlobalSection
EndGlobal
